{
    "name": "@bdsx/server",
    "version": "2.3.0",
    "lockfileVersion": 2,
    "requires": true,
    "packages": {
        "": {
            "name": "@bdsx/server",
            "version": "2.3.0",
            "license": "ISC",
            "dependencies": {
                "comment-json": "~1.1.3",
                "queue-typescript": "^1.0.1"
            },
            "devDependencies": {
                "@types/comment-json": "^2.4.2",
                "bdsx": "file:../bdsx"
            }
        },
        "../bdsx": {
            "dev": true
        },
        "node_modules/@types/comment-json": {
            "version": "2.4.2",
            "resolved": "https://registry.npmjs.org/@types/comment-json/-/comment-json-2.4.2.tgz",
            "integrity": "sha512-El8na9x7/3M4KxXvOL34fbXbQtBgETELT89HNL8qK2RTlFpBOjlOSbXp1boODiocSnxWXXLW2WeH3DGazyKkVA==",
            "deprecated": "This is a stub types definition. comment-json provides its own type definitions, so you do not need this installed.",
            "dev": true,
            "dependencies": {
                "comment-json": "*"
            }
        },
        "node_modules/bdsx": {
            "resolved": "../bdsx",
            "link": true
        },
        "node_modules/comment-json": {
            "version": "1.1.3",
            "resolved": "https://registry.npmjs.org/comment-json/-/comment-json-1.1.3.tgz",
            "integrity": "sha512-gGSHSON1HdpFDb3WpU6C1tdksZV0lpfzoihXK+CD0l4xQ2TvHbVuiZy8Dg414ZqbeRxt2sU8d9kC0srpM2+RzQ==",
            "dependencies": {
                "json-parser": "^1.0.0"
            },
            "engines": {
                "node": ">=0.10.0"
            }
        },
        "node_modules/esprima": {
            "version": "2.7.3",
            "resolved": "https://registry.npmjs.org/esprima/-/esprima-2.7.3.tgz",
            "integrity": "sha512-OarPfz0lFCiW4/AV2Oy1Rp9qu0iusTKqykwTspGCZtPxmF81JR4MmIebvF1F9+UOKth2ZubLQ4XGGaU+hSn99A==",
            "bin": {
                "esparse": "bin/esparse.js",
                "esvalidate": "bin/esvalidate.js"
            },
            "engines": {
                "node": ">=0.10.0"
            }
        },
        "node_modules/json-parser": {
            "version": "1.1.5",
            "resolved": "https://registry.npmjs.org/json-parser/-/json-parser-1.1.5.tgz",
            "integrity": "sha512-6wQrWqKdbvCQ4ccCM1+14Q2Z2XTXeUqwt3xEaGe/GpsObJRh1n1Z+5ZeHosmfSpN5bJKDfeNRy9jOE+wQRduOg==",
            "deprecated": "`json-parser` is deprecated. Please use `comment-json` instead",
            "dependencies": {
                "esprima": "^2.7.0"
            },
            "engines": {
                "node": ">=0.10.0"
            }
        },
        "node_modules/linked-list-typescript": {
            "version": "1.0.15",
            "resolved": "https://registry.npmjs.org/linked-list-typescript/-/linked-list-typescript-1.0.15.tgz",
            "integrity": "sha512-RIyUu9lnJIyIaMe63O7/aFv/T2v3KsMFuXMBbUQCHX+cgtGro86ETDj5ed0a8gQL2+DFjzYYsgVG4I36/cUwgw=="
        },
        "node_modules/queue-typescript": {
            "version": "1.0.1",
            "resolved": "https://registry.npmjs.org/queue-typescript/-/queue-typescript-1.0.1.tgz",
            "integrity": "sha512-tkK08uPfmpPl0cX1WRSU3EoNb/T5zSoZPGkkpfGX4E8QayWvEmLS2cI3pFngNPkNTCU5pCDQ1IwlzN0L5gdFPg==",
            "dependencies": {
                "linked-list-typescript": "^1.0.11"
            }
        }
    },
    "dependencies": {
        "@types/comment-json": {
            "version": "2.4.2",
            "resolved": "https://registry.npmjs.org/@types/comment-json/-/comment-json-2.4.2.tgz",
            "integrity": "sha512-El8na9x7/3M4KxXvOL34fbXbQtBgETELT89HNL8qK2RTlFpBOjlOSbXp1boODiocSnxWXXLW2WeH3DGazyKkVA==",
            "dev": true,
            "requires": {
                "comment-json": "*"
            }
        },
        "bdsx": {
            "version": "file:../bdsx"
        },
        "comment-json": {
            "version": "1.1.3",
            "resolved": "https://registry.npmjs.org/comment-json/-/comment-json-1.1.3.tgz",
            "integrity": "sha512-gGSHSON1HdpFDb3WpU6C1tdksZV0lpfzoihXK+CD0l4xQ2TvHbVuiZy8Dg414ZqbeRxt2sU8d9kC0srpM2+RzQ==",
            "requires": {
                "json-parser": "^1.0.0"
            }
        },
        "esprima": {
            "version": "2.7.3",
            "resolved": "https://registry.npmjs.org/esprima/-/esprima-2.7.3.tgz",
            "integrity": "sha512-OarPfz0lFCiW4/AV2Oy1Rp9qu0iusTKqykwTspGCZtPxmF81JR4MmIebvF1F9+UOKth2ZubLQ4XGGaU+hSn99A=="
        },
        "json-parser": {
            "version": "1.1.5",
            "resolved": "https://registry.npmjs.org/json-parser/-/json-parser-1.1.5.tgz",
            "integrity": "sha512-6wQrWqKdbvCQ4ccCM1+14Q2Z2XTXeUqwt3xEaGe/GpsObJRh1n1Z+5ZeHosmfSpN5bJKDfeNRy9jOE+wQRduOg==",
            "requires": {
                "esprima": "^2.7.0"
            }
        },
        "linked-list-typescript": {
            "version": "1.0.15",
            "resolved": "https://registry.npmjs.org/linked-list-typescript/-/linked-list-typescript-1.0.15.tgz",
            "integrity": "sha512-RIyUu9lnJIyIaMe63O7/aFv/T2v3KsMFuXMBbUQCHX+cgtGro86ETDj5ed0a8gQL2+DFjzYYsgVG4I36/cUwgw=="
        },
        "queue-typescript": {
            "version": "1.0.1",
            "resolved": "https://registry.npmjs.org/queue-typescript/-/queue-typescript-1.0.1.tgz",
            "integrity": "sha512-tkK08uPfmpPl0cX1WRSU3EoNb/T5zSoZPGkkpfGX4E8QayWvEmLS2cI3pFngNPkNTCU5pCDQ1IwlzN0L5gdFPg==",
            "requires": {
                "linked-list-typescript": "^1.0.11"
            }
        }
    }
}
